Microsoft Visual Studio Solution File, Format Version 12.00
# Visual Studio Version 17
VisualStudioVersion = 17.5.2.0
MinimumVisualStudioVersion = 10.0.40219.1
Project("{FAE04EC0-301F-11D3-BF4B-00C04F79EFBC}") = "SistemaAcademicoAlunoMS", "SistemaAcademicoAlunoMS.csproj", "{A53E4B7B-DB09-02A8-5C97-AA0AB0D78570}"
EndProject
Global
	GlobalSection(SolutionConfigurationPlatforms) = preSolution
		Debug|Any CPU = Debug|Any CPU
		Release|Any CPU = Release|Any CPU
	EndGlobalSection
	GlobalSection(ProjectConfigurationPlatforms) = postSolution
		{A53E4B7B-DB09-02A8-5C97-AA0AB0D78570}.Debug|Any CPU.ActiveCfg = Debug|Any CPU
		{A53E4B7B-DB09-02A8-5C97-AA0AB0D78570}.Debug|Any CPU.Build.0 = Debug|Any CPU
		{A53E4B7B-DB09-02A8-5C97-AA0AB0D78570}.Release|Any CPU.ActiveCfg = Release|Any CPU
		{A53E4B7B-DB09-02A8-5C97-AA0AB0D78570}.Release|Any CPU.Build.0 = Release|Any CPU
	EndGlobalSection
	GlobalSection(SolutionProperties) = preSolution
		HideSolutionNode = FALSE
	EndGlobalSection
	GlobalSection(ExtensibilityGlobals) = postSolution
		SolutionGuid = {693A41BD-D817-4C00-81E8-B32D2A0BEEA7}
	EndGlobalSection
EndGlobal
